
Microsoft Visual Studio Solution File, Format Version 12.00
# Visual Studio Version 16
VisualStudioVersion = 16.0.30503.244
MinimumVisualStudioVersion = 10.0.40219.1
Project("{FAE04EC0-301F-11D3-BF4B-00C04F79EFBC}") = "IntroToAPI", "IntroToAPI\IntroToAPI.csproj", "{249158DC-26AA-4B8A-955D-2CEA23A50D37}"
EndProject
Project("{FAE04EC0-301F-11D3-BF4B-00C04F79EFBC}") = "RestaurantRaterAPI", "RestaurantRaterAPI\RestaurantRaterAPI.csproj", "{0B8902AF-86B5-4CAA-8320-3929DA903357}"
EndProject
Project("{FAE04EC0-301F-11D3-BF4B-00C04F79EFBC}") = "GeneralStoreAPI", "GeneralStoreAPI\GeneralStoreAPI.csproj", "{9019D077-0AEE-4106-838C-FA027FCE5E9D}"
EndProject
Global
	GlobalSection(SolutionConfigurationPlatforms) = preSolution
		Debug|Any CPU = Debug|Any CPU
		Release|Any CPU = Release|Any CPU
	EndGlobalSection
	GlobalSection(ProjectConfigurationPlatforms) = postSolution
		{249158DC-26AA-4B8A-955D-2CEA23A50D37}.Debug|Any CPU.ActiveCfg = Debug|Any CPU
		{249158DC-26AA-4B8A-955D-2CEA23A50D37}.Debug|Any CPU.Build.0 = Debug|Any CPU
		{249158DC-26AA-4B8A-955D-2CEA23A50D37}.Release|Any CPU.ActiveCfg = Release|Any CPU
		{249158DC-26AA-4B8A-955D-2CEA23A50D37}.Release|Any CPU.Build.0 = Release|Any CPU
		{0B8902AF-86B5-4CAA-8320-3929DA903357}.Debug|Any CPU.ActiveCfg = Debug|Any CPU
		{0B8902AF-86B5-4CAA-8320-3929DA903357}.Debug|Any CPU.Build.0 = Debug|Any CPU
		{0B8902AF-86B5-4CAA-8320-3929DA903357}.Release|Any CPU.ActiveCfg = Release|Any CPU
		{0B8902AF-86B5-4CAA-8320-3929DA903357}.Release|Any CPU.Build.0 = Release|Any CPU
		{9019D077-0AEE-4106-838C-FA027FCE5E9D}.Debug|Any CPU.ActiveCfg = Debug|Any CPU
		{9019D077-0AEE-4106-838C-FA027FCE5E9D}.Debug|Any CPU.Build.0 = Debug|Any CPU
		{9019D077-0AEE-4106-838C-FA027FCE5E9D}.Release|Any CPU.ActiveCfg = Release|Any CPU
		{9019D077-0AEE-4106-838C-FA027FCE5E9D}.Release|Any CPU.Build.0 = Release|Any CPU
	EndGlobalSection
	GlobalSection(SolutionProperties) = preSolution
		HideSolutionNode = FALSE
	EndGlobalSection
	GlobalSection(ExtensibilityGlobals) = postSolution
		SolutionGuid = {00296970-514D-4FD8-861C-2DDE0090DA51}
	EndGlobalSection
EndGlobal
